github.com/absfs/absfs v0.0.0-20251208201840-697cf9eca185 h1:R91iXnUCwOcjN6O7dy/b7E+MDZFJN0SJ4VUMFe6oyEg=
github.com/absfs/absfs v0.0.0-20251208201840-697cf9eca185/go.mod h1:IvFD36FQcMxLLZNhs2Lms+Uosc0G3AJ2JHOJIz8E5d8=
github.com/absfs/fstesting v0.0.0-20251207022242-d748a85c4a1e h1:dDZ7wOdCl09grFSNPU+XlZW/NOk5+XeTt/vXOTH2Uz4=
github.com/absfs/fstesting v0.0.0-20251207022242-d748a85c4a1e/go.mod h1:k+GNl+VG/teXQBkCH5vt+gzPtkDCQTjX+hTgpDnnqEs=
github.com/absfs/inode v0.0.0-20251208170702-9db24ab95ae4 h1:on/poHeOcUsAivcRifj/YVn3KW42mcvGuwIcwY0laTA=
github.com/absfs/inode v0.0.0-20251208170702-9db24ab95ae4/go.mod h1:98Uz4QOknMBXXWwXUIs2TzSwuz+9mbSAKASbwF1eld8=
github.com/absfs/memfs v0.0.0-20251208230836-c6633f45580a h1:qlUfgzRrIAX5uuFVZ0IGriYtDCXcmzVF0EezCESG6PM=
github.com/absfs/memfs v0.0.0-20251208230836-c6633f45580a/go.mod h1:QU7ybM+nxDnWEYxAeBOrixMS97lAkpMf4jSGtXq4l3M=
github.com/absfs/osfs v0.1.0-fastwalk h1:dEHAusiK/K8ROQgohL25q+cyqbiMXzSt1pgR3nbhNEg=
github.com/absfs/osfs v0.1.0-fastwalk/go.mod h1:IIzwVILCbb3j0VHjcAQ7Xwpdz1h57eUzZil7DCIel/c=
